
Microsoft Visual Studio Solution File, Format Version 12.00
# Visual Studio 15
VisualStudioVersion = 15.0.27428.1
MinimumVisualStudioVersion = 10.0.40219.1
Project("{FAE04EC0-301F-11D3-BF4B-00C04F79EFBC}") = "TheWeb", "TheWeb\TheWeb.csproj", "{BEC8071F-8C7E-4ADD-8881-72C163138E59}"
EndProject
Global
	GlobalSection(SolutionConfigurationPlatforms) = preSolution
		Debug|Any CPU = Debug|Any CPU
		Release|Any CPU = Release|Any CPU
	EndGlobalSection
	GlobalSection(ProjectConfigurationPlatforms) = postSolution
		{BEC8071F-8C7E-4ADD-8881-72C163138E59}.Debug|Any CPU.ActiveCfg = Debug|Any CPU
		{BEC8071F-8C7E-4ADD-8881-72C163138E59}.Debug|Any CPU.Build.0 = Debug|Any CPU
		{BEC8071F-8C7E-4ADD-8881-72C163138E59}.Release|Any CPU.ActiveCfg = Release|Any CPU
		{BEC8071F-8C7E-4ADD-8881-72C163138E59}.Release|Any CPU.Build.0 = Release|Any CPU
	EndGlobalSection
	GlobalSection(SolutionProperties) = preSolution
		HideSolutionNode = FALSE
	EndGlobalSection
	GlobalSection(ExtensibilityGlobals) = postSolution
		SolutionGuid = {7863A677-DF33-4BB7-9FB1-B8F197653C49}
	EndGlobalSection
EndGlobal
